
Microsoft Visual Studio Solution File, Format Version 12.00
# Visual Studio Version 17
VisualStudioVersion = 17.2.32526.322
MinimumVisualStudioVersion = 10.0.40219.1
Project("{FAE04EC0-301F-11D3-BF4B-00C04F79EFBC}") = "Algorithms.Tests", "Algorithms.Tests\Algorithms.Tests.csproj", "{16A60F22-4ECB-44CC-A764-F1EF49584E4B}"
EndProject
Project("{FAE04EC0-301F-11D3-BF4B-00C04F79EFBC}") = "Algorithms.Main", "Algorithms.Main\Algorithms.Main.csproj", "{911B0D62-C92B-41BF-9E84-1B705D8EC841}"
EndProject
Global
	GlobalSection(SolutionConfigurationPlatforms) = preSolution
		Debug|Any CPU = Debug|Any CPU
		Release|Any CPU = Release|Any CPU
	EndGlobalSection
	GlobalSection(ProjectConfigurationPlatforms) = postSolution
		{16A60F22-4ECB-44CC-A764-F1EF49584E4B}.Debug|Any CPU.ActiveCfg = Debug|Any CPU
		{16A60F22-4ECB-44CC-A764-F1EF49584E4B}.Debug|Any CPU.Build.0 = Debug|Any CPU
		{16A60F22-4ECB-44CC-A764-F1EF49584E4B}.Release|Any CPU.ActiveCfg = Release|Any CPU
		{16A60F22-4ECB-44CC-A764-F1EF49584E4B}.Release|Any CPU.Build.0 = Release|Any CPU
		{911B0D62-C92B-41BF-9E84-1B705D8EC841}.Debug|Any CPU.ActiveCfg = Debug|Any CPU
		{911B0D62-C92B-41BF-9E84-1B705D8EC841}.Debug|Any CPU.Build.0 = Debug|Any CPU
		{911B0D62-C92B-41BF-9E84-1B705D8EC841}.Release|Any CPU.ActiveCfg = Release|Any CPU
		{911B0D62-C92B-41BF-9E84-1B705D8EC841}.Release|Any CPU.Build.0 = Release|Any CPU
	EndGlobalSection
	GlobalSection(SolutionProperties) = preSolution
		HideSolutionNode = FALSE
	EndGlobalSection
	GlobalSection(ExtensibilityGlobals) = postSolution
		SolutionGuid = {439FC25C-D6A4-4447-849B-E49B41621AAE}
	EndGlobalSection
EndGlobal
